
Microsoft Visual Studio Solution File, Format Version 12.00
# Visual Studio Version 17
VisualStudioVersion = 17.5.33516.290
MinimumVisualStudioVersion = 10.0.40219.1
Project("{FAE04EC0-301F-11D3-BF4B-00C04F79EFBC}") = "UseResource", "UseResource.csproj", "{210A5F28-8313-4E92-9687-AD9F7872BDAB}"
EndProject
Global
	GlobalSection(SolutionConfigurationPlatforms) = preSolution
		Debug|Any CPU = Debug|Any CPU
		Release|Any CPU = Release|Any CPU
	EndGlobalSection
	GlobalSection(ProjectConfigurationPlatforms) = postSolution
		{210A5F28-8313-4E92-9687-AD9F7872BDAB}.Debug|Any CPU.ActiveCfg = Debug|Any CPU
		{210A5F28-8313-4E92-9687-AD9F7872BDAB}.Debug|Any CPU.Build.0 = Debug|Any CPU
		{210A5F28-8313-4E92-9687-AD9F7872BDAB}.Release|Any CPU.ActiveCfg = Release|Any CPU
		{210A5F28-8313-4E92-9687-AD9F7872BDAB}.Release|Any CPU.Build.0 = Release|Any CPU
	EndGlobalSection
	GlobalSection(SolutionProperties) = preSolution
		HideSolutionNode = FALSE
	EndGlobalSection
	GlobalSection(ExtensibilityGlobals) = postSolution
		SolutionGuid = {0D942D83-B4FB-431E-BE6E-36BC68DC9146}
	EndGlobalSection
EndGlobal
