
Microsoft Visual Studio Solution File, Format Version 10.00
# Visual Studio 2008
Project("{FAE04EC0-301F-11D3-BF4B-00C04F79EFBC}") = "DataBindingRelation", "DataBindingRelation\DataBindingRelation.csproj", "{DAA30270-5177-4B00-836B-08435FE1C1E0}"
EndProject
Global
	GlobalSection(SolutionConfigurationPlatforms) = preSolution
		Debug|Any CPU = Debug|Any CPU
		Release|Any CPU = Release|Any CPU
	EndGlobalSection
	GlobalSection(ProjectConfigurationPlatforms) = postSolution
		{DAA30270-5177-4B00-836B-08435FE1C1E0}.Debug|Any CPU.ActiveCfg = Debug|Any CPU
		{DAA30270-5177-4B00-836B-08435FE1C1E0}.Debug|Any CPU.Build.0 = Debug|Any CPU
		{DAA30270-5177-4B00-836B-08435FE1C1E0}.Release|Any CPU.ActiveCfg = Release|Any CPU
		{DAA30270-5177-4B00-836B-08435FE1C1E0}.Release|Any CPU.Build.0 = Release|Any CPU
	EndGlobalSection
	GlobalSection(SolutionProperties) = preSolution
		HideSolutionNode = FALSE
	EndGlobalSection
EndGlobal
